// !$*UTF8*$!
{
	archiveVersion = 1;
	classes = {
	};
	objectVersion = 56;
	objects = {

/* Begin PBXBuildFile section */
		15C7EAA62A3D78B30061D064 /* iOSMapApp.swift in Sources */ = {isa = PBXBuildFile; fileRef = 15C7EAA52A3D78B30061D064 /* iOSMapApp.swift */; };
		15C7EAA82A3D78B30061D064 /* ContentView.swift in Sources */ = {isa = PBXBuildFile; fileRef = 15C7EAA72A3D78B30061D064 /* ContentView.swift */; };
		15C7EAAA2A3D78B30061D064 /* Assets.xcassets in Resources */ = {isa = PBXBuildFile; fileRef = 15C7EAA92A3D78B30061D064 /* Assets.xcassets */; };
		15C7EAAD2A3D78B30061D064 /* Preview Assets.xcassets in Resources */ = {isa = PBXBuildFile; fileRef = 15C7EAAC2A3D78B30061D064 /* Preview Assets.xcassets */; };
		15C7EAB72A3D78B30061D064 /* iOSMapTests.swift in Sources */ = {isa = PBXBuildFile; fileRef = 15C7EAB62A3D78B30061D064 /* iOSMapTests.swift */; };
		15C7EAC12A3D78B30061D064 /* iOSMapUITests.swift in Sources */ = {isa = PBXBuildFile; fileRef = 15C7EAC02A3D78B30061D064 /* iOSMapUITests.swift */; };
		15C7EAC32A3D78B30061D064 /* iOSMapUITestsLaunchTests.swift in Sources */ = {isa = PBXBuildFile; fileRef = 15C7EAC22A3D78B30061D064 /* iOSMapUITestsLaunchTests.swift */; };
/* End PBXBuildFile section */

/* Begin PBXContainerItemProxy section */
		15C7EAB32A3D78B30061D064 /* PBXContainerItemProxy */ = {
			isa = PBXContainerItemProxy;
			containerPortal = 15C7EA9A2A3D78B30061D064 /* Project object */;
			proxyType = 1;
			remoteGlobalIDString = 15C7EAA12A3D78B30061D064;
			remoteInfo = iOSMap;
		};
		15C7EABD2A3D78B30061D064 /* PBXContainerItemProxy */ = {
			isa = PBXContainerItemProxy;
			containerPortal = 15C7EA9A2A3D78B30061D064 /* Project object */;
			proxyType = 1;
			remoteGlobalIDString = 15C7EAA12A3D78B30061D064;
			remoteInfo = iOSMap;
		};
/* End PBXContainerItemProxy section */

/* Begin PBXFileReference section */
		15C7EAA22A3D78B30061D064 /* iOSMap.app */ = {isa = PBXFileReference; explicitFileType = wrapper.application; includeInIndex = 0; path = iOSMap.app; sourceTree = BUILT_PRODUCTS_DIR; };
		15C7EAA52A3D78B30061D064 /* iOSMapApp.swift */ = {isa = PBXFileReference; lastKnownFileType = sourcecode.swift; path = iOSMapApp.swift; sourceTree = "<group>"; };
		15C7EAA72A3D78B30061D064 /* ContentView.swift */ = {isa = PBXFileReference; lastKnownFileType = sourcecode.swift; path = ContentView.swift; sourceTree = "<group>"; };
		15C7EAA92A3D78B30061D064 /* Assets.xcassets */ = {isa = PBXFileReference; lastKnownFileType = folder.assetcatalog; path = Assets.xcassets; sourceTree = "<group>"; };
		15C7EAAC2A3D78B30061D064 /* Preview Assets.xcassets */ = {isa = PBXFileReference; lastKnownFileType = folder.assetcatalog; path = "Preview Assets.xcassets"; sourceTree = "<group>"; };
		15C7EAB22A3D78B30061D064 /* iOSMapTests.xctest */ = {isa = PBXFileReference; explicitFileType = wrapper.cfbundle; includeInIndex = 0; path = iOSMapTests.xctest; sourceTree = BUILT_PRODUCTS_DIR; };
		15C7EAB62A3D78B30061D064 /* iOSMapTests.swift */ = {isa = PBXFileReference; lastKnownFileType = sourcecode.swift; path = iOSMapTests.swift; sourceTree = "<group>"; };
		15C7EABC2A3D78B30061D064 /* iOSMapUITests.xctest */ = {isa = PBXFileReference; explicitFileType = wrapper.cfbundle; includeInIndex = 0; path = iOSMapUITests.xctest; sourceTree = BUILT_PRODUCTS_DIR; };
		15C7EAC02A3D78B30061D064 /* iOSMapUITests.swift */ = {isa = PBXFileReference; lastKnownFileType = sourcecode.swift; path = iOSMapUITests.swift; sourceTree = "<group>"; };
		15C7EAC22A3D78B30061D064 /* iOSMapUITestsLaunchTests.swift */ = {isa = PBXFileReference; lastKnownFileType = sourcecode.swift; path = iOSMapUITestsLaunchTests.swift; sourceTree = "<group>"; };
/* End PBXFileReference section */

/* Begin PBXFrameworksBuildPhase section */
		15C7EA9F2A3D78B30061D064 /* Frameworks */ = {
			isa = PBXFrameworksBuildPhase;
			buildActionMask = 2147483647;
			files = (
			);
			runOnlyForDeploymentPostprocessing = 0;
		};
		15C7EAAF2A3D78B30061D064 /* Frameworks */ = {
			isa = PBXFrameworksBuildPhase;
			buildActionMask = 2147483647;
			files = (
			);
			runOnlyForDeploymentPostprocessing = 0;
		};
		15C7EAB92A3D78B30061D064 /* Frameworks */ = {
			isa = PBXFrameworksBuildPhase;
			buildActionMask = 2147483647;
			files = (
			);
			runOnlyForDeploymentPostprocessing = 0;
		};
/* End PBXFrameworksBuildPhase section */

/* Begin PBXGroup section */
		15C7EA992A3D78B30061D064 = {
			isa = PBXGroup;
			children = (
				15C7EAA42A3D78B30061D064 /* iOSMap */,
				15C7EAB52A3D78B30061D064 /* iOSMapTests */,
				15C7EABF2A3D78B30061D064 /* iOSMapUITests */,
				15C7EAA32A3D78B30061D064 /* Products */,
			);
			sourceTree = "<group>";
		};
		15C7EAA32A3D78B30061D064 /* Products */ = {
			isa = PBXGroup;
			children = (
				15C7EAA22A3D78B30061D064 /* iOSMap.app */,
				15C7EAB22A3D78B30061D064 /* iOSMapTests.xctest */,
				15C7EABC2A3D78B30061D064 /* iOSMapUITests.xctest */,
			);
			name = Products;
			sourceTree = "<group>";
		};
		15C7EAA42A3D78B30061D064 /* iOSMap */ = {
			isa = PBXGroup;
			children = (
				15C7EAA52A3D78B30061D064 /* iOSMapApp.swift */,
				15C7EAA72A3D78B30061D064 /* ContentView.swift */,
				15C7EAA92A3D78B30061D064 /* Assets.xcassets */,
				15C7EAAB2A3D78B30061D064 /* Preview Content */,
			);
			path = iOSMap;
			sourceTree = "<group>";
		};
		15C7EAAB2A3D78B30061D064 /* Preview Content */ = {
			isa = PBXGroup;
			children = (
				15C7EAAC2A3D78B30061D064 /* Preview Assets.xcassets */,
			);
			path = "Preview Content";
			sourceTree = "<group>";
		};
		15C7EAB52A3D78B30061D064 /* iOSMapTests */ = {
			isa = PBXGroup;
			children = (
				15C7EAB62A3D78B30061D064 /* iOSMapTests.swift */,
			);
			path = iOSMapTests;
			sourceTree = "<group>";
		};
		15C7EABF2A3D78B30061D064 /* iOSMapUITests */ = {
			isa = PBXGroup;
			children = (
				15C7EAC02A3D78B30061D064 /* iOSMapUITests.swift */,
				15C7EAC22A3D78B30061D064 /* iOSMapUITestsLaunchTests.swift */,
			);
			path = iOSMapUITests;
			sourceTree = "<group>";
		};
/* End PBXGroup section */

/* Begin PBXNativeTarget section */
		15C7EAA12A3D78B30061D064 /* iOSMap */ = {
			isa = PBXNativeTarget;
			buildConfigurationList = 15C7EAC62A3D78B30061D064 /* Build configuration list for PBXNativeTarget "iOSMap" */;
			buildPhases = (
				15C7EA9E2A3D78B30061D064 /* Sources */,
				15C7EA9F2A3D78B30061D064 /* Frameworks */,
				15C7EAA02A3D78B30061D064 /* Resources */,
			);
			buildRules = (
			);
			dependencies = (
			);
			name = iOSMap;
			productName = iOSMap;
			productReference = 15C7EAA22A3D78B30061D064 /* iOSMap.app */;
			productType = "com.apple.product-type.application";
		};
		15C7EAB12A3D78B30061D064 /* iOSMapTests */ = {
			isa = PBXNativeTarget;
			buildConfigurationList = 15C7EAC92A3D78B30061D064 /* Build configuration list for PBXNativeTarget "iOSMapTests" */;
			buildPhases = (
				15C7EAAE2A3D78B30061D064 /* Sources */,
				15C7EAAF2A3D78B30061D064 /* Frameworks */,
				15C7EAB02A3D78B30061D064 /* Resources */,
			);
			buildRules = (
			);
			dependencies = (
				15C7EAB42A3D78B30061D064 /* PBXTargetDependency */,
			);
			name = iOSMapTests;
			productName = iOSMapTests;
			productReference = 15C7EAB22A3D78B30061D064 /* iOSMapTests.xctest */;
			productType = "com.apple.product-type.bundle.unit-test";
		};
		15C7EABB2A3D78B30061D064 /* iOSMapUITests */ = {
			isa = PBXNativeTarget;
			buildConfigurationList = 15C7EACC2A3D78B30061D064 /* Build configuration list for PBXNativeTarget "iOSMapUITests" */;
			buildPhases = (
				15C7EAB82A3D78B30061D064 /* Sources */,
				15C7EAB92A3D78B30061D064 /* Frameworks */,
				15C7EABA2A3D78B30061D064 /* Resources */,
			);
			buildRules = (
			);
			dependencies = (
				15C7EABE2A3D78B30061D064 /* PBXTargetDependency */,
			);
			name = iOSMapUITests;
			productName = iOSMapUITests;
			productReference = 15C7EABC2A3D78B30061D064 /* iOSMapUITests.xctest */;
			productType = "com.apple.product-type.bundle.ui-testing";
		};
/* End PBXNativeTarget section */

/* Begin PBXProject section */
		15C7EA9A2A3D78B30061D064 /* Project object */ = {
			isa = PBXProject;
			attributes = {
				BuildIndependentTargetsInParallel = 1;
				LastSwiftUpdateCheck = 1420;
				LastUpgradeCheck = 1420;
				TargetAttributes = {
					15C7EAA12A3D78B30061D064 = {
						CreatedOnToolsVersion = 14.2;
					};
					15C7EAB12A3D78B30061D064 = {
						CreatedOnToolsVersion = 14.2;
						TestTargetID = 15C7EAA12A3D78B30061D064;
					};
					15C7EABB2A3D78B30061D064 = {
						CreatedOnToolsVersion = 14.2;
						TestTargetID = 15C7EAA12A3D78B30061D064;
					};
				};
			};
			buildConfigurationList = 15C7EA9D2A3D78B30061D064 /* Build configuration list for PBXProject "iOSMap" */;
			compatibilityVersion = "Xcode 14.0";
			developmentRegion = en;
			hasScannedForEncodings = 0;
			knownRegions = (
				en,
				Base,
			);
			mainGroup = 15C7EA992A3D78B30061D064;
			productRefGroup = 15C7EAA32A3D78B30061D064 /* Products */;
			projectDirPath = "";
			projectRoot = "";
			targets = (
				15C7EAA12A3D78B30061D064 /* iOSMap */,
				15C7EAB12A3D78B30061D064 /* iOSMapTests */,
				15C7EABB2A3D78B30061D064 /* iOSMapUITests */,
			);
		};
/* End PBXProject section */

/* Begin PBXResourcesBuildPhase section */
		15C7EAA02A3D78B30061D064 /* Resources */ = {
			isa = PBXResourcesBuildPhase;
			buildActionMask = 2147483647;
			files = (
				15C7EAAD2A3D78B30061D064 /* Preview Assets.xcassets in Resources */,
				15C7EAAA2A3D78B30061D064 /* Assets.xcassets in Resources */,
			);
			runOnlyForDeploymentPostprocessing = 0;
		};
		15C7EAB02A3D78B30061D064 /* Resources */ = {
			isa = PBXResourcesBuildPhase;
			buildActionMask = 2147483647;
			files = (
			);
			runOnlyForDeploymentPostprocessing = 0;
		};
		15C7EABA2A3D78B30061D064 /* Resources */ = {
			isa = PBXResourcesBuildPhase;
			buildActionMask = 2147483647;
			files = (
			);
			runOnlyForDeploymentPostprocessing = 0;
		};
/* End PBXResourcesBuildPhase section */

/* Begin PBXSourcesBuildPhase section */
		15C7EA9E2A3D78B30061D064 /* Sources */ = {
			isa = PBXSourcesBuildPhase;
			buildActionMask = 2147483647;
			files = (
				15C7EAA82A3D78B30061D064 /* ContentView.swift in Sources */,
				15C7EAA62A3D78B30061D064 /* iOSMapApp.swift in Sources */,
			);
			runOnlyForDeploymentPostprocessing = 0;
		};
		15C7EAAE2A3D78B30061D064 /* Sources */ = {
			isa = PBXSourcesBuildPhase;
			buildActionMask = 2147483647;
			files = (
				15C7EAB72A3D78B30061D064 /* iOSMapTests.swift in Sources */,
			);
			runOnlyForDeploymentPostprocessing = 0;
		};
		15C7EAB82A3D78B30061D064 /* Sources */ = {
			isa = PBXSourcesBuildPhase;
			buildActionMask = 2147483647;
			files = (
				15C7EAC12A3D78B30061D064 /* iOSMapUITests.swift in Sources */,
				15C7EAC32A3D78B30061D064 /* iOSMapUITestsLaunchTests.swift in Sources */,
			);
			runOnlyForDeploymentPostprocessing = 0;
		};
/* End PBXSourcesBuildPhase section */

/* Begin PBXTargetDependency section */
		15C7EAB42A3D78B30061D064 /* PBXTargetDependency */ = {
			isa = PBXTargetDependency;
			target = 15C7EAA12A3D78B30061D064 /* iOSMap */;
			targetProxy = 15C7EAB32A3D78B30061D064 /* PBXContainerItemProxy */;
		};
		15C7EABE2A3D78B30061D064 /* PBXTargetDependency */ = {
			isa = PBXTargetDependency;
			target = 15C7EAA12A3D78B30061D064 /* iOSMap */;
			targetProxy = 15C7EABD2A3D78B30061D064 /* PBXContainerItemProxy */;
		};
/* End PBXTargetDependency section */

/* Begin XCBuildConfiguration section */
		15C7EAC42A3D78B30061D064 /* Debug */ = {
			isa = XCBuildConfiguration;
			buildSettings = {
				ALWAYS_SEARCH_USER_PATHS = NO;
				CLANG_ANALYZER_NONNULL = YES;
				CLANG_ANALYZER_NUMBER_OBJECT_CONVERSION = YES_AGGRESSIVE;
				CLANG_CXX_LANGUAGE_STANDARD = "gnu++20";
				CLANG_ENABLE_MODULES = YES;
				CLANG_ENABLE_OBJC_ARC = YES;
				CLANG_ENABLE_OBJC_WEAK = YES;
				CLANG_WARN_BLOCK_CAPTURE_AUTORELEASING = YES;
				CLANG_WARN_BOOL_CONVERSION = YES;
				CLANG_WARN_COMMA = YES;
				CLANG_WARN_CONSTANT_CONVERSION = YES;
				CLANG_WARN_DEPRECATED_OBJC_IMPLEMENTATIONS = YES;
				CLANG_WARN_DIRECT_OBJC_ISA_USAGE = YES_ERROR;
				CLANG_WARN_DOCUMENTATION_COMMENTS = YES;
				CLANG_WARN_EMPTY_BODY = YES;
				CLANG_WARN_ENUM_CONVERSION = YES;
				CLANG_WARN_INFINITE_RECURSION = YES;
				CLANG_WARN_INT_CONVERSION = YES;
				CLANG_WARN_NON_LITERAL_NULL_CONVERSION = YES;
				CLANG_WARN_OBJC_IMPLICIT_RETAIN_SELF = YES;
				CLANG_WARN_OBJC_LITERAL_CONVERSION = YES;
				CLANG_WARN_OBJC_ROOT_CLASS = YES_ERROR;
				CLANG_WARN_QUOTED_INCLUDE_IN_FRAMEWORK_HEADER = YES;
				CLANG_WARN_RANGE_LOOP_ANALYSIS = YES;
				CLANG_WARN_STRICT_PROTOTYPES = YES;
				CLANG_WARN_SUSPICIOUS_MOVE = YES;
				CLANG_WARN_UNGUARDED_AVAILABILITY = YES_AGGRESSIVE;
				CLANG_WARN_UNREACHABLE_CODE = YES;
				CLANG_WARN__DUPLICATE_METHOD_MATCH = YES;
				COPY_PHASE_STRIP = NO;
				DEBUG_INFORMATION_FORMAT = dwarf;
				ENABLE_STRICT_OBJC_MSGSEND = YES;
				ENABLE_TESTABILITY = YES;
				GCC_C_LANGUAGE_STANDARD = gnu11;
				GCC_DYNAMIC_NO_PIC = NO;
				GCC_NO_COMMON_BLOCKS = YES;
				GCC_OPTIMIZATION_LEVEL = 0;
				GCC_PREPROCESSOR_DEFINITIONS = (
					"DEBUG=1",
					"$(inherited)",
				);
				GCC_WARN_64_TO_32_BIT_CONVERSION = YES;
				GCC_WARN_ABOUT_RETURN_TYPE = YES_ERROR;
				GCC_WARN_UNDECLARED_SELECTOR = YES;
				GCC_WARN_UNINITIALIZED_AUTOS = YES_AGGRESSIVE;
				GCC_WARN_UNUSED_FUNCTION = YES;
				GCC_WARN_UNUSED_VARIABLE = YES;
				IPHONEOS_DEPLOYMENT_TARGET = 16.2;
				MTL_ENABLE_DEBUG_INFO = INCLUDE_SOURCE;
				MTL_FAST_MATH = YES;
				ONLY_ACTIVE_ARCH = YES;
				SDKROOT = iphoneos;
				SWIFT_ACTIVE_COMPILATION_CONDITIONS = DEBUG;
				SWIFT_OPTIMIZATION_LEVEL = "-Onone";
			};
			name = Debug;
		};
		15C7EAC52A3D78B30061D064 /* Release */ = {
			isa = XCBuildConfiguration;
			buildSettings = {
				ALWAYS_SEARCH_USER_PATHS = NO;
				CLANG_ANALYZER_NONNULL = YES;
				CLANG_ANALYZER_NUMBER_OBJECT_CONVERSION = YES_AGGRESSIVE;
				CLANG_CXX_LANGUAGE_STANDARD = "gnu++20";
				CLANG_ENABLE_MODULES = YES;
				CLANG_ENABLE_OBJC_ARC = YES;
				CLANG_ENABLE_OBJC_WEAK = YES;
				CLANG_WARN_BLOCK_CAPTURE_AUTORELEASING = YES;
				CLANG_WARN_BOOL_CONVERSION = YES;
				CLANG_WARN_COMMA = YES;
				CLANG_WARN_CONSTANT_CONVERSION = YES;
				CLANG_WARN_DEPRECATED_OBJC_IMPLEMENTATIONS = YES;
				CLANG_WARN_DIRECT_OBJC_ISA_USAGE = YES_ERROR;
				CLANG_WARN_DOCUMENTATION_COMMENTS = YES;
				CLANG_WARN_EMPTY_BODY = YES;
				CLANG_WARN_ENUM_CONVERSION = YES;
				CLANG_WARN_INFINITE_RECURSION = YES;
				CLANG_WARN_INT_CONVERSION = YES;
				CLANG_WARN_NON_LITERAL_NULL_CONVERSION = YES;
				CLANG_WARN_OBJC_IMPLICIT_RETAIN_SELF = YES;
				CLANG_WARN_OBJC_LITERAL_CONVERSION = YES;
				CLANG_WARN_OBJC_ROOT_CLASS = YES_ERROR;
				CLANG_WARN_QUOTED_INCLUDE_IN_FRAMEWORK_HEADER = YES;
				CLANG_WARN_RANGE_LOOP_ANALYSIS = YES;
				CLANG_WARN_STRICT_PROTOTYPES = YES;
				CLANG_WARN_SUSPICIOUS_MOVE = YES;
				CLANG_WARN_UNGUARDED_AVAILABILITY = YES_AGGRESSIVE;
				CLANG_WARN_UNREACHABLE_CODE = YES;
				CLANG_WARN__DUPLICATE_METHOD_MATCH = YES;
				COPY_PHASE_STRIP = NO;
				DEBUG_INFORMATION_FORMAT = "dwarf-with-dsym";
				ENABLE_NS_ASSERTIONS = NO;
				ENABLE_STRICT_OBJC_MSGSEND = YES;
				GCC_C_LANGUAGE_STANDARD = gnu11;
				GCC_NO_COMMON_BLOCKS = YES;
				GCC_WARN_64_TO_32_BIT_CONVERSION = YES;
				GCC_WARN_ABOUT_RETURN_TYPE = YES_ERROR;
				GCC_WARN_UNDECLARED_SELECTOR = YES;
				GCC_WARN_UNINITIALIZED_AUTOS = YES_AGGRESSIVE;
				GCC_WARN_UNUSED_FUNCTION = YES;
				GCC_WARN_UNUSED_VARIABLE = YES;
				IPHONEOS_DEPLOYMENT_TARGET = 16.2;
				MTL_ENABLE_DEBUG_INFO = NO;
				MTL_FAST_MATH = YES;
				SDKROOT = iphoneos;
				SWIFT_COMPILATION_MODE = wholemodule;
				SWIFT_OPTIMIZATION_LEVEL = "-O";
				VALIDATE_PRODUCT = YES;
			};
			name = Release;
		};
		15C7EAC72A3D78B30061D064 /* Debug */ = {
			isa = XCBuildConfiguration;
			buildSettings = {
				ASSETCATALOG_COMPILER_APPICON_NAME = AppIcon;
				ASSETCATALOG_COMPILER_GLOBAL_ACCENT_COLOR_NAME = AccentColor;
				CODE_SIGN_STYLE = Automatic;
				CURRENT_PROJECT_VERSION = 1;
				DEVELOPMENT_ASSET_PATHS = "\"iOSMap/Preview Content\"";
				ENABLE_PREVIEWS = YES;
				GENERATE_INFOPLIST_FILE = YES;
				INFOPLIST_KEY_UIApplicationSceneManifest_Generation = YES;
				INFOPLIST_KEY_UIApplicationSupportsIndirectInputEvents = YES;
				INFOPLIST_KEY_UILaunchScreen_Generation = YES;
				INFOPLIST_KEY_UISupportedInterfaceOrientations_iPad = "UIInterfaceOrientationPortrait UIInterfaceOrientationPortraitUpsideDown UIInterfaceOrientationLandscapeLeft UIInterfaceOrientationLandscapeRight";
				INFOPLIST_KEY_UISupportedInterfaceOrientations_iPhone = "UIInterfaceOrientationPortrait UIInterfaceOrientationLandscapeLeft UIInterfaceOrientationLandscapeRight";
				LD_RUNPATH_SEARCH_PATHS = (
					"$(inherited)",
					"@executable_path/Frameworks",
				);
				MARKETING_VERSION = 1.0;
				PRODUCT_BUNDLE_IDENTIFIER = com.sugioka.iOSMap;
				PRODUCT_NAME = "$(TARGET_NAME)";
				SWIFT_EMIT_LOC_STRINGS = YES;
				SWIFT_VERSION = 5.0;
				TARGETED_DEVICE_FAMILY = "1,2";
			};
			name = Debug;
		};
		15C7EAC82A3D78B30061D064 /* Release */ = {
			isa = XCBuildConfiguration;
			buildSettings = {
				ASSETCATALOG_COMPILER_APPICON_NAME = AppIcon;
				ASSETCATALOG_COMPILER_GLOBAL_ACCENT_COLOR_NAME = AccentColor;
				CODE_SIGN_STYLE = Automatic;
				CURRENT_PROJECT_VERSION = 1;
				DEVELOPMENT_ASSET_PATHS = "\"iOSMap/Preview Content\"";
				ENABLE_PREVIEWS = YES;
				GENERATE_INFOPLIST_FILE = YES;
				INFOPLIST_KEY_UIApplicationSceneManifest_Generation = YES;
				INFOPLIST_KEY_UIApplicationSupportsIndirectInputEvents = YES;
				INFOPLIST_KEY_UILaunchScreen_Generation = YES;
				INFOPLIST_KEY_UISupportedInterfaceOrientations_iPad = "UIInterfaceOrientationPortrait UIInterfaceOrientationPortraitUpsideDown UIInterfaceOrientationLandscapeLeft UIInterfaceOrientationLandscapeRight";
				INFOPLIST_KEY_UISupportedInterfaceOrientations_iPhone = "UIInterfaceOrientationPortrait UIInterfaceOrientationLandscapeLeft UIInterfaceOrientationLandscapeRight";
				LD_RUNPATH_SEARCH_PATHS = (
					"$(inherited)",
					"@executable_path/Frameworks",
				);
				MARKETING_VERSION = 1.0;
				PRODUCT_BUNDLE_IDENTIFIER = com.sugioka.iOSMap;
				PRODUCT_NAME = "$(TARGET_NAME)";
				SWIFT_EMIT_LOC_STRINGS = YES;
				SWIFT_VERSION = 5.0;
				TARGETED_DEVICE_FAMILY = "1,2";
			};
			name = Release;
		};
		15C7EACA2A3D78B30061D064 /* Debug */ = {
			isa = XCBuildConfiguration;
			buildSettings = {
				ALWAYS_EMBED_SWIFT_STANDARD_LIBRARIES = YES;
				BUNDLE_LOADER = "$(TEST_HOST)";
				CODE_SIGN_STYLE = Automatic;
				CURRENT_PROJECT_VERSION = 1;
				GENERATE_INFOPLIST_FILE = YES;
				IPHONEOS_DEPLOYMENT_TARGET = 16.2;
				MARKETING_VERSION = 1.0;
				PRODUCT_BUNDLE_IDENTIFIER = com.sugioka.iOSMapTests;
				PRODUCT_NAME = "$(TARGET_NAME)";
				SWIFT_EMIT_LOC_STRINGS = NO;
				SWIFT_VERSION = 5.0;
				TARGETED_DEVICE_FAMILY = "1,2";
				TEST_HOST = "$(BUILT_PRODUCTS_DIR)/iOSMap.app/$(BUNDLE_EXECUTABLE_FOLDER_PATH)/iOSMap";
			};
			name = Debug;
		};
		15C7EACB2A3D78B30061D064 /* Release */ = {
			isa = XCBuildConfiguration;
			buildSettings = {
				ALWAYS_EMBED_SWIFT_STANDARD_LIBRARIES = YES;
				BUNDLE_LOADER = "$(TEST_HOST)";
				CODE_SIGN_STYLE = Automatic;
				CURRENT_PROJECT_VERSION = 1;
				GENERATE_INFOPLIST_FILE = YES;
				IPHONEOS_DEPLOYMENT_TARGET = 16.2;
				MARKETING_VERSION = 1.0;
				PRODUCT_BUNDLE_IDENTIFIER = com.sugioka.iOSMapTests;
				PRODUCT_NAME = "$(TARGET_NAME)";
				SWIFT_EMIT_LOC_STRINGS = NO;
				SWIFT_VERSION = 5.0;
				TARGETED_DEVICE_FAMILY = "1,2";
				TEST_HOST = "$(BUILT_PRODUCTS_DIR)/iOSMap.app/$(BUNDLE_EXECUTABLE_FOLDER_PATH)/iOSMap";
			};
			name = Release;
		};
		15C7EACD2A3D78B30061D064 /* Debug */ = {
			isa = XCBuildConfiguration;
			buildSettings = {
				ALWAYS_EMBED_SWIFT_STANDARD_LIBRARIES = YES;
				CODE_SIGN_STYLE = Automatic;
				CURRENT_PROJECT_VERSION = 1;
				GENERATE_INFOPLIST_FILE = YES;
				MARKETING_VERSION = 1.0;
				PRODUCT_BUNDLE_IDENTIFIER = com.sugioka.iOSMapUITests;
				PRODUCT_NAME = "$(TARGET_NAME)";
				SWIFT_EMIT_LOC_STRINGS = NO;
				SWIFT_VERSION = 5.0;
				TARGETED_DEVICE_FAMILY = "1,2";
				TEST_TARGET_NAME = iOSMap;
			};
			name = Debug;
		};
		15C7EACE2A3D78B30061D064 /* Release */ = {
			isa = XCBuildConfiguration;
			buildSettings = {
				ALWAYS_EMBED_SWIFT_STANDARD_LIBRARIES = YES;
				CODE_SIGN_STYLE = Automatic;
				CURRENT_PROJECT_VERSION = 1;
				GENERATE_INFOPLIST_FILE = YES;
				MARKETING_VERSION = 1.0;
				PRODUCT_BUNDLE_IDENTIFIER = com.sugioka.iOSMapUITests;
				PRODUCT_NAME = "$(TARGET_NAME)";
				SWIFT_EMIT_LOC_STRINGS = NO;
				SWIFT_VERSION = 5.0;
				TARGETED_DEVICE_FAMILY = "1,2";
				TEST_TARGET_NAME = iOSMap;
			};
			name = Release;
		};
/* End XCBuildConfiguration section */

/* Begin XCConfigurationList section */
		15C7EA9D2A3D78B30061D064 /* Build configuration list for PBXProject "iOSMap" */ = {
			isa = XCConfigurationList;
			buildConfigurations = (
				15C7EAC42A3D78B30061D064 /* Debug */,
				15C7EAC52A3D78B30061D064 /* Release */,
			);
			defaultConfigurationIsVisible = 0;
			defaultConfigurationName = Release;
		};
		15C7EAC62A3D78B30061D064 /* Build configuration list for PBXNativeTarget "iOSMap" */ = {
			isa = XCConfigurationList;
			buildConfigurations = (
				15C7EAC72A3D78B30061D064 /* Debug */,
				15C7EAC82A3D78B30061D064 /* Release */,
			);
			defaultConfigurationIsVisible = 0;
			defaultConfigurationName = Release;
		};
		15C7EAC92A3D78B30061D064 /* Build configuration list for PBXNativeTarget "iOSMapTests" */ = {
			isa = XCConfigurationList;
			buildConfigurations = (
				15C7EACA2A3D78B30061D064 /* Debug */,
				15C7EACB2A3D78B30061D064 /* Release */,
			);
			defaultConfigurationIsVisible = 0;
			defaultConfigurationName = Release;
		};
		15C7EACC2A3D78B30061D064 /* Build configuration list for PBXNativeTarget "iOSMapUITests" */ = {
			isa = XCConfigurationList;
			buildConfigurations = (
				15C7EACD2A3D78B30061D064 /* Debug */,
				15C7EACE2A3D78B30061D064 /* Release */,
			);
			defaultConfigurationIsVisible = 0;
			defaultConfigurationName = Release;
		};
/* End XCConfigurationList section */
	};
	rootObject = 15C7EA9A2A3D78B30061D064 /* Project object */;
}
